{
    "_meta": {
        "hash": {
            "sha256": "7566f2bf3fe285d50f6c7bf17b60ba63a94ddfda46c6724bed7cdce871658d94"
        },
        "host-environment-markers": {
            "implementation_name": "cpython",
            "implementation_version": "3.6.3",
            "os_name": "posix",
            "platform_machine": "x86_64",
            "platform_python_implementation": "CPython",
            "platform_release": "4.13.0-32-generic",
            "platform_system": "Linux",
            "platform_version": "#35~16.04.1-Ubuntu SMP Thu Jan 25 10:13:43 UTC 2018",
            "python_full_version": "3.6.3",
            "python_version": "3.6",
            "sys_platform": "linux"
        },
        "pipfile-spec": 6,
        "requires": {
            "python_version": "3.6"
        },
        "sources": [
            {
                "name": "pypi",
                "url": "https://pypi.python.org/simple",
                "verify_ssl": true
            }
        ]
    },
    "default": {
        "click": {
            "hashes": [
                "sha256:29f99fc6125fbc931b758dc053b3114e55c77a6e4c6c3a2674a2dc986016381d",
                "sha256:f15516df478d5a56180fbf80e68f206010e6d160fc39fa508b65e035fd75130b"
            ],
            "version": "==6.7"
        },
        "flask": {
            "hashes": [
                "sha256:0749df235e3ff61ac108f69ac178c9770caeaccad2509cb762ce1f65570a8856",
                "sha256:49f44461237b69ecd901cc7ce66feea0319b9158743dd27a2899962ab214dac1"
            ],
            "version": "==0.12.2"
        },
        "itsdangerous": {
            "hashes": [
                "sha256:cbb3fcf8d3e33df861709ecaf89d9e6629cff0a217bc2848f1b41cd30d360519"
            ],
            "version": "==0.24"
        },
        "jinja2": {
            "hashes": [
                "sha256:74c935a1b8bb9a3947c50a54766a969d4846290e1e788ea44c1392163723c3bd",
                "sha256:f84be1bb0040caca4cea721fcbbbbd61f9be9464ca236387158b0feea01914a4"
            ],
            "version": "==2.10"
        },
        "markupsafe": {
            "hashes": [
                "sha256:a6be69091dac236ea9c6bc7d012beab42010fa914c459791d627dad4910eb665"
            ],
            "version": "==1.0"
        },
        "pyqt5": {
            "hashes": [
                "sha256:128285176240e990fce9c50293105ffd0d2884d8910bb338118f867b171ec6e8",
                "sha256:dbd1777d8e7540a6e7350482f1d7c981a073ce1b7195ac2cd21c204b3a28df57",
                "sha256:3563ac935fca8e8b1dbd4856d8eedc982b5de90c53f0280e8fca8060a262d4f4",
                "sha256:2ce953cb849e5265b9d1abe075471148ad5fb6d7e6a9881f37dfe05590571d23"
            ],
            "version": "==5.10"
        },
        "sip": {
            "hashes": [
                "sha256:f31bb63e63a958f65887ae27f06e62af9f9cb818ba7456a99f78a5ec3082d3dd",
                "sha256:776e169da554729f80337070348db49a6742d8aa317aec931a4d0f47b7ef535d",
                "sha256:beac2bc1b9457a693fb3122c797cad5678a168ecff6ccbad4aa3a9f1ff1a2d86",
                "sha256:1c5a1ad409e97833a4a873fae5bcd7a365651f7372806992d03891082821bc41",
                "sha256:248ecca386d4832138f6a044dceb0bfc38fb8503b7ffbfeb474073f56930144b",
                "sha256:ab338095e32ebb2047b6184f1383c667c47b9822d7320fdfb93870567a972343",
                "sha256:ebea4619e9626e2eb197835049807c8173f11e2023b05140cbee4b274a91ef5e",
                "sha256:2db24e65c99b7d20a67fa461f6bc2e15bddb6cd5fde52e37d6609566d79a69a1",
                "sha256:3b45eecf6f68a29f5629dc064079e919987b030628bb6614da7f4eefedbe145e",
                "sha256:2120e9d713120687558b6699cf5ff6a8f7b070776b19d6c7fc96fc64ea8ca056",
                "sha256:18350ebf82beaef6a73d2c14320f19961242ed424670407df6fd5a9b65f0e7fc",
                "sha256:92413edcb4fea75ebd1f8142c882dc5db398025eb8a0a273385838fd791de73c"
            ],
            "version": "==4.19.7"
        },
        "werkzeug": {
            "hashes": [
                "sha256:d5da73735293558eb1651ee2fddc4d0dedcfa06538b8813a2e20011583c9e49b",
                "sha256:c3fd7a7d41976d9f44db327260e263132466836cef6f91512889ed60ad26557c"
            ],
            "version": "==0.14.1"
        }
    },
    "develop": {}
}
